
Microsoft Visual Studio Solution File, Format Version 12.00
# Visual Studio 2013
Project("{FAE04EC0-301F-11D3-BF4B-00C04F79EFBC}") = "UnityVS.Stem.CSharp", "UnityVS.Stem.CSharp.csproj", "{095F1368-EEC2-98FD-D0FC-D7D62E3DE950}"
EndProject
Project("{FAE04EC0-301F-11D3-BF4B-00C04F79EFBC}") = "UnityVS.Stem.CSharp.Editor", "UnityVS.Stem.CSharp.Editor.csproj", "{7B544A51-490C-50A1-D1CC-0EA6727ED4CC}"
EndProject
Global
	GlobalSection(SolutionConfigurationPlatforms) = preSolution
		Debug|Any CPU = Debug|Any CPU
		Release|Any CPU = Release|Any CPU
	EndGlobalSection
	GlobalSection(ProjectConfigurationPlatforms) = postSolution
		{095F1368-EEC2-98FD-D0FC-D7D62E3DE950}.Debug|Any CPU.ActiveCfg = Debug|Any CPU
		{095F1368-EEC2-98FD-D0FC-D7D62E3DE950}.Debug|Any CPU.Build.0 = Debug|Any CPU
		{095F1368-EEC2-98FD-D0FC-D7D62E3DE950}.Release|Any CPU.ActiveCfg = Release|Any CPU
		{095F1368-EEC2-98FD-D0FC-D7D62E3DE950}.Release|Any CPU.Build.0 = Release|Any CPU
		{7B544A51-490C-50A1-D1CC-0EA6727ED4CC}.Debug|Any CPU.ActiveCfg = Debug|Any CPU
		{7B544A51-490C-50A1-D1CC-0EA6727ED4CC}.Debug|Any CPU.Build.0 = Debug|Any CPU
		{7B544A51-490C-50A1-D1CC-0EA6727ED4CC}.Release|Any CPU.ActiveCfg = Release|Any CPU
		{7B544A51-490C-50A1-D1CC-0EA6727ED4CC}.Release|Any CPU.Build.0 = Release|Any CPU
	EndGlobalSection
	GlobalSection(SolutionProperties) = preSolution
		HideSolutionNode = FALSE
	EndGlobalSection
EndGlobal
